PODS:
  - SDWebImage (5.7.2):
    - SDWebImage/Core (= 5.7.2)
  - SDWebImage/Core (5.7.2)

DEPENDENCIES:
  - SDWebImage

SPEC REPOS:
  trunk:
    - SDWebImage

SPEC CHECKSUMS:
  SDWebImage: d9ea4959d99c52276dfada481987018fcaea3d58

PODFILE CHECKSUM: a992312329728099a5328e137d9c83beaadc3404

COCOAPODS: 1.9.0.beta.2
